
Microsoft Visual Studio Solution File, Format Version 12.00
# Visual Studio 2013
VisualStudioVersion = 12.0.30501.0
MinimumVisualStudioVersion = 10.0.40219.1
Project("{FAE04EC0-301F-11D3-BF4B-00C04F79EFBC}") = "Een_Alien", "Een_Alien\Een_Alien.csproj", "{10B74829-8B14-4DA7-A766-B29EEEA70D4E}"
EndProject
Project("{F088123C-0E9E-452A-89E6-6BA2F21D5CAC}") = "Class Diagram", "Class Diagram\Class Diagram.modelproj", "{7FADAB39-EE6D-4E23-B96B-8CEB8B2CF304}"
EndProject
Project("{FAE04EC0-301F-11D3-BF4B-00C04F79EFBC}") = "UnitTestProjectEenAlien", "UnitTestProjectEenAlien\UnitTestProjectEenAlien.csproj", "{20C08EF6-21FB-4DDE-ABCC-863E3E60D5F6}"
EndProject
Global
	GlobalSection(SolutionConfigurationPlatforms) = preSolution
		Debug|Any CPU = Debug|Any CPU
		Release|Any CPU = Release|Any CPU
	EndGlobalSection
	GlobalSection(ProjectConfigurationPlatforms) = postSolution
		{10B74829-8B14-4DA7-A766-B29EEEA70D4E}.Debug|Any CPU.ActiveCfg = Debug|Any CPU
		{10B74829-8B14-4DA7-A766-B29EEEA70D4E}.Debug|Any CPU.Build.0 = Debug|Any CPU
		{10B74829-8B14-4DA7-A766-B29EEEA70D4E}.Release|Any CPU.ActiveCfg = Release|Any CPU
		{10B74829-8B14-4DA7-A766-B29EEEA70D4E}.Release|Any CPU.Build.0 = Release|Any CPU
		{7FADAB39-EE6D-4E23-B96B-8CEB8B2CF304}.Debug|Any CPU.ActiveCfg = Debug|Any CPU
		{7FADAB39-EE6D-4E23-B96B-8CEB8B2CF304}.Debug|Any CPU.Build.0 = Debug|Any CPU
		{7FADAB39-EE6D-4E23-B96B-8CEB8B2CF304}.Release|Any CPU.ActiveCfg = Release|Any CPU
		{7FADAB39-EE6D-4E23-B96B-8CEB8B2CF304}.Release|Any CPU.Build.0 = Release|Any CPU
		{20C08EF6-21FB-4DDE-ABCC-863E3E60D5F6}.Debug|Any CPU.ActiveCfg = Debug|Any CPU
		{20C08EF6-21FB-4DDE-ABCC-863E3E60D5F6}.Debug|Any CPU.Build.0 = Debug|Any CPU
		{20C08EF6-21FB-4DDE-ABCC-863E3E60D5F6}.Release|Any CPU.ActiveCfg = Release|Any CPU
		{20C08EF6-21FB-4DDE-ABCC-863E3E60D5F6}.Release|Any CPU.Build.0 = Release|Any CPU
	EndGlobalSection
	GlobalSection(SolutionProperties) = preSolution
		HideSolutionNode = FALSE
	EndGlobalSection
EndGlobal
